// !$*UTF8*$!
{
	archiveVersion = 1;
	classes = {
	};
	objectVersion = 50;
	objects = {

/* Begin PBXBuildFile section */
		D907C36E2164772000715EB5 /* AppDelegate.swift in Sources */ = {isa = PBXBuildFile; fileRef = D907C36D2164772000715EB5 /* AppDelegate.swift */; };
		D907C3702164772000715EB5 /* ViewController.swift in Sources */ = {isa = PBXBuildFile; fileRef = D907C36F2164772000715EB5 /* ViewController.swift */; };
		D907C3732164772000715EB5 /* Main.storyboard in Resources */ = {isa = PBXBuildFile; fileRef = D907C3712164772000715EB5 /* Main.storyboard */; };
		D907C3752164772200715EB5 /* Assets.xcassets in Resources */ = {isa = PBXBuildFile; fileRef = D907C3742164772200715EB5 /* Assets.xcassets */; };
		D907C3782164772200715EB5 /* LaunchScreen.storyboard in Resources */ = {isa = PBXBuildFile; fileRef = D907C3762164772200715EB5 /* LaunchScreen.storyboard */; };
		E727A6C47198885758C6E633 /* Pods_parsechatapp.framework in Frameworks */ = {isa = PBXBuildFile; fileRef = C6961CF5B598F32B68C5D5E9 /* Pods_parsechatapp.framework */; };
/* End PBXBuildFile section */

/* Begin PBXFileReference section */
		23FE1F57558ADF27E4D78090 /* Pods-parsechatapp.debug.xcconfig */ = {isa = PBXFileReference; includeInIndex = 1; lastKnownFileType = text.xcconfig; name = "Pods-parsechatapp.debug.xcconfig"; path = "Pods/Target Support Files/Pods-parsechatapp/Pods-parsechatapp.debug.xcconfig"; sourceTree = "<group>"; };
		C6961CF5B598F32B68C5D5E9 /* Pods_parsechatapp.framework */ = {isa = PBXFileReference; explicitFileType = wrapper.framework; includeInIndex = 0; path = Pods_parsechatapp.framework; sourceTree = BUILT_PRODUCTS_DIR; };
		D907C36A2164772000715EB5 /* parsechatapp.app */ = {isa = PBXFileReference; explicitFileType = wrapper.application; includeInIndex = 0; path = parsechatapp.app; sourceTree = BUILT_PRODUCTS_DIR; };
		D907C36D2164772000715EB5 /* AppDelegate.swift */ = {isa = PBXFileReference; lastKnownFileType = sourcecode.swift; path = AppDelegate.swift; sourceTree = "<group>"; };
		D907C36F2164772000715EB5 /* ViewController.swift */ = {isa = PBXFileReference; lastKnownFileType = sourcecode.swift; path = ViewController.swift; sourceTree = "<group>"; };
		D907C3722164772000715EB5 /* Base */ = {isa = PBXFileReference; lastKnownFileType = file.storyboard; name = Base; path = Base.lproj/Main.storyboard; sourceTree = "<group>"; };
		D907C3742164772200715EB5 /* Assets.xcassets */ = {isa = PBXFileReference; lastKnownFileType = folder.assetcatalog; path = Assets.xcassets; sourceTree = "<group>"; };
		D907C3772164772200715EB5 /* Base */ = {isa = PBXFileReference; lastKnownFileType = file.storyboard; name = Base; path = Base.lproj/LaunchScreen.storyboard; sourceTree = "<group>"; };
		D907C3792164772200715EB5 /* Info.plist */ = {isa = PBXFileReference; lastKnownFileType = text.plist.xml; path = Info.plist; sourceTree = "<group>"; };
		ECFD6E5B31A525EBCF3574F4 /* Pods-parsechatapp.release.xcconfig */ = {isa = PBXFileReference; includeInIndex = 1; lastKnownFileType = text.xcconfig; name = "Pods-parsechatapp.release.xcconfig"; path = "Pods/Target Support Files/Pods-parsechatapp/Pods-parsechatapp.release.xcconfig"; sourceTree = "<group>"; };
/* End PBXFileReference section */

/* Begin PBXFrameworksBuildPhase section */
		D907C3672164772000715EB5 /* Frameworks */ = {
			isa = PBXFrameworksBuildPhase;
			buildActionMask = 2147483647;
			files = (
				E727A6C47198885758C6E633 /* Pods_parsechatapp.framework in Frameworks */,
			);
			runOnlyForDeploymentPostprocessing = 0;
		};
/* End PBXFrameworksBuildPhase section */

/* Begin PBXGroup section */
		BA401C49AD704403C77806E0 /* Pods */ = {
			isa = PBXGroup;
			children = (
				23FE1F57558ADF27E4D78090 /* Pods-parsechatapp.debug.xcconfig */,
				ECFD6E5B31A525EBCF3574F4 /* Pods-parsechatapp.release.xcconfig */,
			);
			name = Pods;
			sourceTree = "<group>";
		};
		D907C3612164772000715EB5 = {
			isa = PBXGroup;
			children = (
				D907C36C2164772000715EB5 /* parsechatapp */,
				D907C36B2164772000715EB5 /* Products */,
				BA401C49AD704403C77806E0 /* Pods */,
				F3CAFAB0A35E7D1B27C1802A /* Frameworks */,
			);
			sourceTree = "<group>";
		};
		D907C36B2164772000715EB5 /* Products */ = {
			isa = PBXGroup;
			children = (
				D907C36A2164772000715EB5 /* parsechatapp.app */,
			);
			name = Products;
			sourceTree = "<group>";
		};
		D907C36C2164772000715EB5 /* parsechatapp */ = {
			isa = PBXGroup;
			children = (
				D907C36D2164772000715EB5 /* AppDelegate.swift */,
				D907C36F2164772000715EB5 /* ViewController.swift */,
				D907C3712164772000715EB5 /* Main.storyboard */,
				D907C3742164772200715EB5 /* Assets.xcassets */,
				D907C3762164772200715EB5 /* LaunchScreen.storyboard */,
				D907C3792164772200715EB5 /* Info.plist */,
			);
			path = parsechatapp;
			sourceTree = "<group>";
		};
		F3CAFAB0A35E7D1B27C1802A /* Frameworks */ = {
			isa = PBXGroup;
			children = (
				C6961CF5B598F32B68C5D5E9 /* Pods_parsechatapp.framework */,
			);
			name = Frameworks;
			sourceTree = "<group>";
		};
/* End PBXGroup section */

/* Begin PBXNativeTarget section */
		D907C3692164772000715EB5 /* parsechatapp */ = {
			isa = PBXNativeTarget;
			buildConfigurationList = D907C37C2164772200715EB5 /* Build configuration list for PBXNativeTarget "parsechatapp" */;
			buildPhases = (
				EFE9CB62E028DF06922A75DF /* [CP] Check Pods Manifest.lock */,
				D907C3662164772000715EB5 /* Sources */,
				D907C3672164772000715EB5 /* Frameworks */,
				D907C3682164772000715EB5 /* Resources */,
				CC4FEFBBCFA724E5FF4BA7A0 /* [CP] Embed Pods Frameworks */,
			);
			buildRules = (
			);
			dependencies = (
			);
			name = parsechatapp;
			productName = parsechatapp;
			productReference = D907C36A2164772000715EB5 /* parsechatapp.app */;
			productType = "com.apple.product-type.application";
		};
/* End PBXNativeTarget section */

/* Begin PBXProject section */
		D907C3622164772000715EB5 /* Project object */ = {
			isa = PBXProject;
			attributes = {
				LastSwiftUpdateCheck = 0940;
				LastUpgradeCheck = 0940;
				ORGANIZATIONNAME = "Chris Bohlman";
				TargetAttributes = {
					D907C3692164772000715EB5 = {
						CreatedOnToolsVersion = 9.4.1;
					};
				};
			};
			buildConfigurationList = D907C3652164772000715EB5 /* Build configuration list for PBXProject "parsechatapp" */;
			compatibilityVersion = "Xcode 9.3";
			developmentRegion = en;
			hasScannedForEncodings = 0;
			knownRegions = (
				en,
				Base,
			);
			mainGroup = D907C3612164772000715EB5;
			productRefGroup = D907C36B2164772000715EB5 /* Products */;
			projectDirPath = "";
			projectRoot = "";
			targets = (
				D907C3692164772000715EB5 /* parsechatapp */,
			);
		};
/* End PBXProject section */

/* Begin PBXResourcesBuildPhase section */
		D907C3682164772000715EB5 /* Resources */ = {
			isa = PBXResourcesBuildPhase;
			buildActionMask = 2147483647;
			files = (
				D907C3782164772200715EB5 /* LaunchScreen.storyboard in Resources */,
				D907C3752164772200715EB5 /* Assets.xcassets in Resources */,
				D907C3732164772000715EB5 /* Main.storyboard in Resources */,
			);
			runOnlyForDeploymentPostprocessing = 0;
		};
/* End PBXResourcesBuildPhase section */

/* Begin PBXShellScriptBuildPhase section */
		CC4FEFBBCFA724E5FF4BA7A0 /* [CP] Embed Pods Frameworks */ = {
			isa = PBXShellScriptBuildPhase;
			buildActionMask = 2147483647;
			files = (
			);
			inputFileListPaths = (
			);
			inputPaths = (
				"${SRCROOT}/Pods/Target Support Files/Pods-parsechatapp/Pods-parsechatapp-frameworks.sh",
				"${BUILT_PRODUCTS_DIR}/Bolts/Bolts.framework",
				"${BUILT_PRODUCTS_DIR}/Parse/Parse.framework",
			);
			name = "[CP] Embed Pods Frameworks";
			outputFileListPaths = (
			);
			outputPaths = (
				"${TARGET_BUILD_DIR}/${FRAMEWORKS_FOLDER_PATH}/Bolts.framework",
				"${TARGET_BUILD_DIR}/${FRAMEWORKS_FOLDER_PATH}/Parse.framework",
			);
			runOnlyForDeploymentPostprocessing = 0;
			shellPath = /bin/sh;
			shellScript = "\"${SRCROOT}/Pods/Target Support Files/Pods-parsechatapp/Pods-parsechatapp-frameworks.sh\"\n";
			showEnvVarsInLog = 0;
		};
		EFE9CB62E028DF06922A75DF /* [CP] Check Pods Manifest.lock */ = {
			isa = PBXShellScriptBuildPhase;
			buildActionMask = 2147483647;
			files = (
			);
			inputFileListPaths = (
			);
			inputPaths = (
				"${PODS_PODFILE_DIR_PATH}/Podfile.lock",
				"${PODS_ROOT}/Manifest.lock",
			);
			name = "[CP] Check Pods Manifest.lock";
			outputFileListPaths = (
			);
			outputPaths = (
				"$(DERIVED_FILE_DIR)/Pods-parsechatapp-checkManifestLockResult.txt",
			);
			runOnlyForDeploymentPostprocessing = 0;
			shellPath = /bin/sh;
			shellScript = "diff \"${PODS_PODFILE_DIR_PATH}/Podfile.lock\" \"${PODS_ROOT}/Manifest.lock\" > /dev/null\nif [ $? != 0 ] ; then\n    # print error to STDERR\n    echo \"error: The sandbox is not in sync with the Podfile.lock. Run 'pod install' or update your CocoaPods installation.\" >&2\n    exit 1\nfi\n# This output is used by Xcode 'outputs' to avoid re-running this script phase.\necho \"SUCCESS\" > \"${SCRIPT_OUTPUT_FILE_0}\"\n";
			showEnvVarsInLog = 0;
		};
/* End PBXShellScriptBuildPhase section */

/* Begin PBXSourcesBuildPhase section */
		D907C3662164772000715EB5 /* Sources */ = {
			isa = PBXSourcesBuildPhase;
			buildActionMask = 2147483647;
			files = (
				D907C3702164772000715EB5 /* ViewController.swift in Sources */,
				D907C36E2164772000715EB5 /* AppDelegate.swift in Sources */,
			);
			runOnlyForDeploymentPostprocessing = 0;
		};
/* End PBXSourcesBuildPhase section */

/* Begin PBXVariantGroup section */
		D907C3712164772000715EB5 /* Main.storyboard */ = {
			isa = PBXVariantGroup;
			children = (
				D907C3722164772000715EB5 /* Base */,
			);
			name = Main.storyboard;
			sourceTree = "<group>";
		};
		D907C3762164772200715EB5 /* LaunchScreen.storyboard */ = {
			isa = PBXVariantGroup;
			children = (
				D907C3772164772200715EB5 /* Base */,
			);
			name = LaunchScreen.storyboard;
			sourceTree = "<group>";
		};
/* End PBXVariantGroup section */

/* Begin XCBuildConfiguration section */
		D907C37A2164772200715EB5 /* Debug */ = {
			isa = XCBuildConfiguration;
			buildSettings = {
				ALWAYS_SEARCH_USER_PATHS = NO;
				CLANG_ANALYZER_NONNULL = YES;
				CLANG_ANALYZER_NUMBER_OBJECT_CONVERSION = YES_AGGRESSIVE;
				CLANG_CXX_LANGUAGE_STANDARD = "gnu++14";
				CLANG_CXX_LIBRARY = "libc++";
				CLANG_ENABLE_MODULES = YES;
				CLANG_ENABLE_OBJC_ARC = YES;
				CLANG_ENABLE_OBJC_WEAK = YES;
				CLANG_WARN_BLOCK_CAPTURE_AUTORELEASING = YES;
				CLANG_WARN_BOOL_CONVERSION = YES;
				CLANG_WARN_COMMA = YES;
				CLANG_WARN_CONSTANT_CONVERSION = YES;
				CLANG_WARN_DEPRECATED_OBJC_IMPLEMENTATIONS = YES;
				CLANG_WARN_DIRECT_OBJC_ISA_USAGE = YES_ERROR;
				CLANG_WARN_DOCUMENTATION_COMMENTS = YES;
				CLANG_WARN_EMPTY_BODY = YES;
				CLANG_WARN_ENUM_CONVERSION = YES;
				CLANG_WARN_INFINITE_RECURSION = YES;
				CLANG_WARN_INT_CONVERSION = YES;
				CLANG_WARN_NON_LITERAL_NULL_CONVERSION = YES;
				CLANG_WARN_OBJC_IMPLICIT_RETAIN_SELF = YES;
				CLANG_WARN_OBJC_LITERAL_CONVERSION = YES;
				CLANG_WARN_OBJC_ROOT_CLASS = YES_ERROR;
				CLANG_WARN_RANGE_LOOP_ANALYSIS = YES;
				CLANG_WARN_STRICT_PROTOTYPES = YES;
				CLANG_WARN_SUSPICIOUS_MOVE = YES;
				CLANG_WARN_UNGUARDED_AVAILABILITY = YES_AGGRESSIVE;
				CLANG_WARN_UNREACHABLE_CODE = YES;
				CLANG_WARN__DUPLICATE_METHOD_MATCH = YES;
				CODE_SIGN_IDENTITY = "iPhone Developer";
				COPY_PHASE_STRIP = NO;
				DEBUG_INFORMATION_FORMAT = dwarf;
				ENABLE_STRICT_OBJC_MSGSEND = YES;
				ENABLE_TESTABILITY = YES;
				GCC_C_LANGUAGE_STANDARD = gnu11;
				GCC_DYNAMIC_NO_PIC = NO;
				GCC_NO_COMMON_BLOCKS = YES;
				GCC_OPTIMIZATION_LEVEL = 0;
				GCC_PREPROCESSOR_DEFINITIONS = (
					"DEBUG=1",
					"$(inherited)",
				);
				GCC_WARN_64_TO_32_BIT_CONVERSION = YES;
				GCC_WARN_ABOUT_RETURN_TYPE = YES_ERROR;
				GCC_WARN_UNDECLARED_SELECTOR = YES;
				GCC_WARN_UNINITIALIZED_AUTOS = YES_AGGRESSIVE;
				GCC_WARN_UNUSED_FUNCTION = YES;
				GCC_WARN_UNUSED_VARIABLE = YES;
				IPHONEOS_DEPLOYMENT_TARGET = 11.4;
				MTL_ENABLE_DEBUG_INFO = YES;
				ONLY_ACTIVE_ARCH = YES;
				SDKROOT = iphoneos;
				SWIFT_ACTIVE_COMPILATION_CONDITIONS = DEBUG;
				SWIFT_OPTIMIZATION_LEVEL = "-Onone";
			};
			name = Debug;
		};
		D907C37B2164772200715EB5 /* Release */ = {
			isa = XCBuildConfiguration;
			buildSettings = {
				ALWAYS_SEARCH_USER_PATHS = NO;
				CLANG_ANALYZER_NONNULL = YES;
				CLANG_ANALYZER_NUMBER_OBJECT_CONVERSION = YES_AGGRESSIVE;
				CLANG_CXX_LANGUAGE_STANDARD = "gnu++14";
				CLANG_CXX_LIBRARY = "libc++";
				CLANG_ENABLE_MODULES = YES;
				CLANG_ENABLE_OBJC_ARC = YES;
				CLANG_ENABLE_OBJC_WEAK = YES;
				CLANG_WARN_BLOCK_CAPTURE_AUTORELEASING = YES;
				CLANG_WARN_BOOL_CONVERSION = YES;
				CLANG_WARN_COMMA = YES;
				CLANG_WARN_CONSTANT_CONVERSION = YES;
				CLANG_WARN_DEPRECATED_OBJC_IMPLEMENTATIONS = YES;
				CLANG_WARN_DIRECT_OBJC_ISA_USAGE = YES_ERROR;
				CLANG_WARN_DOCUMENTATION_COMMENTS = YES;
				CLANG_WARN_EMPTY_BODY = YES;
				CLANG_WARN_ENUM_CONVERSION = YES;
				CLANG_WARN_INFINITE_RECURSION = YES;
				CLANG_WARN_INT_CONVERSION = YES;
				CLANG_WARN_NON_LITERAL_NULL_CONVERSION = YES;
				CLANG_WARN_OBJC_IMPLICIT_RETAIN_SELF = YES;
				CLANG_WARN_OBJC_LITERAL_CONVERSION = YES;
				CLANG_WARN_OBJC_ROOT_CLASS = YES_ERROR;
				CLANG_WARN_RANGE_LOOP_ANALYSIS = YES;
				CLANG_WARN_STRICT_PROTOTYPES = YES;
				CLANG_WARN_SUSPICIOUS_MOVE = YES;
				CLANG_WARN_UNGUARDED_AVAILABILITY = YES_AGGRESSIVE;
				CLANG_WARN_UNREACHABLE_CODE = YES;
				CLANG_WARN__DUPLICATE_METHOD_MATCH = YES;
				CODE_SIGN_IDENTITY = "iPhone Developer";
				COPY_PHASE_STRIP = NO;
				DEBUG_INFORMATION_FORMAT = "dwarf-with-dsym";
				ENABLE_NS_ASSERTIONS = NO;
				ENABLE_STRICT_OBJC_MSGSEND = YES;
				GCC_C_LANGUAGE_STANDARD = gnu11;
				GCC_NO_COMMON_BLOCKS = YES;
				GCC_WARN_64_TO_32_BIT_CONVERSION = YES;
				GCC_WARN_ABOUT_RETURN_TYPE = YES_ERROR;
				GCC_WARN_UNDECLARED_SELECTOR = YES;
				GCC_WARN_UNINITIALIZED_AUTOS = YES_AGGRESSIVE;
				GCC_WARN_UNUSED_FUNCTION = YES;
				GCC_WARN_UNUSED_VARIABLE = YES;
				IPHONEOS_DEPLOYMENT_TARGET = 11.4;
				MTL_ENABLE_DEBUG_INFO = NO;
				SDKROOT = iphoneos;
				SWIFT_COMPILATION_MODE = wholemodule;
				SWIFT_OPTIMIZATION_LEVEL = "-O";
				VALIDATE_PRODUCT = YES;
			};
			name = Release;
		};
		D907C37D2164772200715EB5 /* Debug */ = {
			isa = XCBuildConfiguration;
			baseConfigurationReference = 23FE1F57558ADF27E4D78090 /* Pods-parsechatapp.debug.xcconfig */;
			buildSettings = {
				ASSETCATALOG_COMPILER_APPICON_NAME = AppIcon;
				CODE_SIGN_STYLE = Automatic;
				INFOPLIST_FILE = parsechatapp/Info.plist;
				LD_RUNPATH_SEARCH_PATHS = (
					"$(inherited)",
					"@executable_path/Frameworks",
				);
				PRODUCT_BUNDLE_IDENTIFIER = "University-of-Arizona.parsechatapp";
				PRODUCT_NAME = "$(TARGET_NAME)";
				SWIFT_VERSION = 4.0;
				TARGETED_DEVICE_FAMILY = "1,2";
			};
			name = Debug;
		};
		D907C37E2164772200715EB5 /* Release */ = {
			isa = XCBuildConfiguration;
			baseConfigurationReference = ECFD6E5B31A525EBCF3574F4 /* Pods-parsechatapp.release.xcconfig */;
			buildSettings = {
				ASSETCATALOG_COMPILER_APPICON_NAME = AppIcon;
				CODE_SIGN_STYLE = Automatic;
				INFOPLIST_FILE = parsechatapp/Info.plist;
				LD_RUNPATH_SEARCH_PATHS = (
					"$(inherited)",
					"@executable_path/Frameworks",
				);
				PRODUCT_BUNDLE_IDENTIFIER = "University-of-Arizona.parsechatapp";
				PRODUCT_NAME = "$(TARGET_NAME)";
				SWIFT_VERSION = 4.0;
				TARGETED_DEVICE_FAMILY = "1,2";
			};
			name = Release;
		};
/* End XCBuildConfiguration section */

/* Begin XCConfigurationList section */
		D907C3652164772000715EB5 /* Build configuration list for PBXProject "parsechatapp" */ = {
			isa = XCConfigurationList;
			buildConfigurations = (
				D907C37A2164772200715EB5 /* Debug */,
				D907C37B2164772200715EB5 /* Release */,
			);
			defaultConfigurationIsVisible = 0;
			defaultConfigurationName = Release;
		};
		D907C37C2164772200715EB5 /* Build configuration list for PBXNativeTarget "parsechatapp" */ = {
			isa = XCConfigurationList;
			buildConfigurations = (
				D907C37D2164772200715EB5 /* Debug */,
				D907C37E2164772200715EB5 /* Release */,
			);
			defaultConfigurationIsVisible = 0;
			defaultConfigurationName = Release;
		};
/* End XCConfigurationList section */
	};
	rootObject = D907C3622164772000715EB5 /* Project object */;
}
